
Microsoft Visual Studio Solution File, Format Version 12.00
# Visual Studio 15
VisualStudioVersion = 15.0.28307.2017
MinimumVisualStudioVersion = 10.0.40219.1
Project("{FAE04EC0-301F-11D3-BF4B-00C04F79EFBC}") = "Edubin", "Edubin\Edubin.csproj", "{543B6365-A1A8-4297-845F-1C546DBBBEEC}"
EndProject
Global
	GlobalSection(SolutionConfigurationPlatforms) = preSolution
		Debug|Any CPU = Debug|Any CPU
		Release|Any CPU = Release|Any CPU
	EndGlobalSection
	GlobalSection(ProjectConfigurationPlatforms) = postSolution
		{543B6365-A1A8-4297-845F-1C546DBBBEEC}.Debug|Any CPU.ActiveCfg = Debug|Any CPU
		{543B6365-A1A8-4297-845F-1C546DBBBEEC}.Debug|Any CPU.Build.0 = Debug|Any CPU
		{543B6365-A1A8-4297-845F-1C546DBBBEEC}.Release|Any CPU.ActiveCfg = Release|Any CPU
		{543B6365-A1A8-4297-845F-1C546DBBBEEC}.Release|Any CPU.Build.0 = Release|Any CPU
	EndGlobalSection
	GlobalSection(SolutionProperties) = preSolution
		HideSolutionNode = FALSE
	EndGlobalSection
	GlobalSection(ExtensibilityGlobals) = postSolution
		SolutionGuid = {C09012C2-6043-4229-9A27-EF7AD303B316}
	EndGlobalSection
EndGlobal
